<?xml version="1.0" encoding="utf-8"?>
<Project ToolsVersion="4.0" xmlns="http://schemas.microsoft.com/developer/msbuild/2003">
  <ItemGroup>
    <Filter Include="Source Files">
      <UniqueIdentifier>{4FC737F1-C7A5-4376-A066-2A32D752A2FF}</UniqueIdentifier>
      <Extensions>cpp;c;cc;cxx;def;odl;idl;hpj;bat;asm;asmx</Extensions>
    </Filter>
    <Filter Include="Header Files">
      <UniqueIdentifier>{93995380-89BD-4b04-88EB-625FBE52EBFB}</UniqueIdentifier>
      <Extensions>h;hh;hpp;hxx;hm;inl;inc;xsd</Extensions>
    </Filter>
    <Filter Include="Resource Files">
      <UniqueIdentifier>{67DA6AB6-F800-4c08-8B7A-83BB121AAD01}</UniqueIdentifier>
      <Extensions>rc;ico;cur;bmp;dlg;rc2;rct;bin;rgs;gif;jpg;jpeg;jpe;resx;tiff;tif;png;wav</Extensions>
    </Filter>
  </ItemGroup>
  <ItemGroup>
    <None Include="docs\bubble_ghost\hardware.inc">
      <Filter>Header Files</Filter>
    </None>
    <None Include="packages.config" />
  </ItemGroup>
  <ItemGroup>
    <ClCompile Include="srcs\debugger.cpp">
      <Filter>Source Files</Filter>
    </ClCompile>
    <ClCompile Include="srcs\Emulateur.cpp">
      <Filter>Source Files</Filter>
    </ClCompile>
    <ClCompile Include="srcs\Header.cpp">
      <Filter>Source Files</Filter>
    </ClCompile>
    <ClCompile Include="srcs\init.cpp">
      <Filter>Source Files</Filter>
    </ClCompile>
    <ClCompile Include="srcs\instructions.cpp">
      <Filter>Source Files</Filter>
    </ClCompile>
    <ClCompile Include="srcs\lcd.cpp">
      <Filter>Source Files</Filter>
    </ClCompile>
    <ClCompile Include="srcs\main.cpp">
      <Filter>Source Files</Filter>
    </ClCompile>
    <ClCompile Include="srcs\sdl.cpp">
      <Filter>Source Files</Filter>
    </ClCompile>
    <ClCompile Include="srcs\memory_controller\Memory_controller.cpp">
      <Filter>Source Files</Filter>
    </ClCompile>
    <ClCompile Include="srcs\memory_controller\Memory_controller_MBC1.cpp">
      <Filter>Source Files</Filter>
    </ClCompile>
    <ClCompile Include="srcs\memory_controller\Memory_controller_MBC2.cpp">
      <Filter>Source Files</Filter>
    </ClCompile>
    <ClCompile Include="srcs\memory_controller\Memory_controller_MBC3.cpp">
      <Filter>Source Files</Filter>
    </ClCompile>
    <ClCompile Include="srcs\memory_controller\Memory_controller_MBC5.cpp">
      <Filter>Source Files</Filter>
    </ClCompile>
  </ItemGroup>
  <ItemGroup>
    <ClInclude Include="includes\cartridge.hpp">
      <Filter>Header Files</Filter>
    </ClInclude>
    <ClInclude Include="includes\debugger.hpp">
      <Filter>Header Files</Filter>
    </ClInclude>
    <ClInclude Include="includes\dmg_bios.hpp">
      <Filter>Header Files</Filter>
    </ClInclude>
    <ClInclude Include="includes\Emulateur.hpp">
      <Filter>Header Files</Filter>
    </ClInclude>
    <ClInclude Include="includes\Header.hpp">
      <Filter>Header Files</Filter>
    </ClInclude>
    <ClInclude Include="includes\inline_utils.hpp">
      <Filter>Header Files</Filter>
    </ClInclude>
    <ClInclude Include="includes\instructions.hpp">
      <Filter>Header Files</Filter>
    </ClInclude>
    <ClInclude Include="includes\Memory_controller.hpp">
      <Filter>Header Files</Filter>
    </ClInclude>
    <ClInclude Include="includes\op203.hpp">
      <Filter>Header Files</Filter>
    </ClInclude>
    <ClInclude Include="includes\opcode.hpp">
      <Filter>Header Files</Filter>
    </ClInclude>
    <ClInclude Include="includes\ram_regs.hpp">
      <Filter>Header Files</Filter>
    </ClInclude>
    <ClInclude Include="includes\registers.hpp">
      <Filter>Header Files</Filter>
    </ClInclude>
    <ClInclude Include="includes\sdl.hpp">
      <Filter>Header Files</Filter>
    </ClInclude>
  </ItemGroup>
</Project>